
Microsoft Visual Studio Solution File, Format Version 12.00
# Visual Studio Version 17
VisualStudioVersion = 17.4.33213.308
MinimumVisualStudioVersion = 10.0.40219.1
Project("{FAE04EC0-301F-11D3-BF4B-00C04F79EFBC}") = "Delegates", "Delegates\Delegates.csproj", "{4A30DA8F-A324-4B10-9EDC-4D08B16ADDBB}"
EndProject
Global
	GlobalSection(SolutionConfigurationPlatforms) = preSolution
		Debug|Any CPU = Debug|Any CPU
		Release|Any CPU = Release|Any CPU
	EndGlobalSection
	GlobalSection(ProjectConfigurationPlatforms) = postSolution
		{4A30DA8F-A324-4B10-9EDC-4D08B16ADDBB}.Debug|Any CPU.ActiveCfg = Debug|Any CPU
		{4A30DA8F-A324-4B10-9EDC-4D08B16ADDBB}.Debug|Any CPU.Build.0 = Debug|Any CPU
		{4A30DA8F-A324-4B10-9EDC-4D08B16ADDBB}.Release|Any CPU.ActiveCfg = Release|Any CPU
		{4A30DA8F-A324-4B10-9EDC-4D08B16ADDBB}.Release|Any CPU.Build.0 = Release|Any CPU
	EndGlobalSection
	GlobalSection(SolutionProperties) = preSolution
		HideSolutionNode = FALSE
	EndGlobalSection
	GlobalSection(ExtensibilityGlobals) = postSolution
		SolutionGuid = {B0461F05-FB29-454F-8686-CFA2C0088B12}
	EndGlobalSection
EndGlobal
